
Microsoft Visual Studio Solution File, Format Version 12.00
# Visual Studio Version 17
VisualStudioVersion = 17.3.32825.248
MinimumVisualStudioVersion = 10.0.40219.1
Project("{9A19103F-16F7-4668-BE54-9A1E7A4F7556}") = "MrEmilProjekt", "MrEmilProjekt\MrEmilProjekt.csproj", "{9E4D1245-B979-4D78-B9F6-43E1A4DEFAA5}"
EndProject
Project("{9A19103F-16F7-4668-BE54-9A1E7A4F7556}") = "MyClassLibrary", "ClassLibrary2\MyClassLibrary.csproj", "{D37B0175-1E28-4157-A915-7E245AAA1DC8}"
EndProject
Global
	GlobalSection(SolutionConfigurationPlatforms) = preSolution
		Debug|Any CPU = Debug|Any CPU
		Release|Any CPU = Release|Any CPU
	EndGlobalSection
	GlobalSection(ProjectConfigurationPlatforms) = postSolution
		{9E4D1245-B979-4D78-B9F6-43E1A4DEFAA5}.Debug|Any CPU.ActiveCfg = Debug|Any CPU
		{9E4D1245-B979-4D78-B9F6-43E1A4DEFAA5}.Debug|Any CPU.Build.0 = Debug|Any CPU
		{9E4D1245-B979-4D78-B9F6-43E1A4DEFAA5}.Release|Any CPU.ActiveCfg = Release|Any CPU
		{9E4D1245-B979-4D78-B9F6-43E1A4DEFAA5}.Release|Any CPU.Build.0 = Release|Any CPU
		{D37B0175-1E28-4157-A915-7E245AAA1DC8}.Debug|Any CPU.ActiveCfg = Debug|Any CPU
		{D37B0175-1E28-4157-A915-7E245AAA1DC8}.Debug|Any CPU.Build.0 = Debug|Any CPU
		{D37B0175-1E28-4157-A915-7E245AAA1DC8}.Release|Any CPU.ActiveCfg = Release|Any CPU
		{D37B0175-1E28-4157-A915-7E245AAA1DC8}.Release|Any CPU.Build.0 = Release|Any CPU
	EndGlobalSection
	GlobalSection(SolutionProperties) = preSolution
		HideSolutionNode = FALSE
	EndGlobalSection
	GlobalSection(ExtensibilityGlobals) = postSolution
		SolutionGuid = {D278521D-D848-4EE8-89A1-AE6EBEC482D7}
	EndGlobalSection
EndGlobal
